
Microsoft Visual Studio Solution File, Format Version 12.00
# Visual Studio 15
VisualStudioVersion = 15.0.28307.852
MinimumVisualStudioVersion = 10.0.40219.1
Project("{FAE04EC0-301F-11D3-BF4B-00C04F79EFBC}") = "BilderPattern", "BilderPattern\BilderPattern.csproj", "{82BD2292-9E83-4D95-8112-B80D7760C8B2}"
EndProject
Global
	GlobalSection(SolutionConfigurationPlatforms) = preSolution
		Debug|Any CPU = Debug|Any CPU
		Release|Any CPU = Release|Any CPU
	EndGlobalSection
	GlobalSection(ProjectConfigurationPlatforms) = postSolution
		{82BD2292-9E83-4D95-8112-B80D7760C8B2}.Debug|Any CPU.ActiveCfg = Debug|Any CPU
		{82BD2292-9E83-4D95-8112-B80D7760C8B2}.Debug|Any CPU.Build.0 = Debug|Any CPU
		{82BD2292-9E83-4D95-8112-B80D7760C8B2}.Release|Any CPU.ActiveCfg = Release|Any CPU
		{82BD2292-9E83-4D95-8112-B80D7760C8B2}.Release|Any CPU.Build.0 = Release|Any CPU
	EndGlobalSection
	GlobalSection(SolutionProperties) = preSolution
		HideSolutionNode = FALSE
	EndGlobalSection
	GlobalSection(ExtensibilityGlobals) = postSolution
		SolutionGuid = {92D7099F-B8C8-4228-B0B1-AD53F49C0C1F}
	EndGlobalSection
EndGlobal
